
Microsoft Visual Studio Solution File, Format Version 12.00
# Visual Studio Version 17
VisualStudioVersion = 17.11.35303.130
MinimumVisualStudioVersion = 10.0.40219.1
Project("{FAE04EC0-301F-11D3-BF4B-00C04F79EFBC}") = "TestsExample", "TestsExample\TestsExample.csproj", "{D3BEEF6B-AFEC-4CFE-8927-9DF152218F09}"
EndProject
Project("{FAE04EC0-301F-11D3-BF4B-00C04F79EFBC}") = "Repositories.Tests", "Repositories.Tests\Repositories.Tests.csproj", "{7624FBEA-EC78-4A79-908A-30A1A4D6E0B3}"
EndProject
Global
	GlobalSection(SolutionConfigurationPlatforms) = preSolution
		Debug|Any CPU = Debug|Any CPU
		Release|Any CPU = Release|Any CPU
	EndGlobalSection
	GlobalSection(ProjectConfigurationPlatforms) = postSolution
		{D3BEEF6B-AFEC-4CFE-8927-9DF152218F09}.Debug|Any CPU.ActiveCfg = Debug|Any CPU
		{D3BEEF6B-AFEC-4CFE-8927-9DF152218F09}.Debug|Any CPU.Build.0 = Debug|Any CPU
		{D3BEEF6B-AFEC-4CFE-8927-9DF152218F09}.Release|Any CPU.ActiveCfg = Release|Any CPU
		{D3BEEF6B-AFEC-4CFE-8927-9DF152218F09}.Release|Any CPU.Build.0 = Release|Any CPU
		{7624FBEA-EC78-4A79-908A-30A1A4D6E0B3}.Debug|Any CPU.ActiveCfg = Debug|Any CPU
		{7624FBEA-EC78-4A79-908A-30A1A4D6E0B3}.Debug|Any CPU.Build.0 = Debug|Any CPU
		{7624FBEA-EC78-4A79-908A-30A1A4D6E0B3}.Release|Any CPU.ActiveCfg = Release|Any CPU
		{7624FBEA-EC78-4A79-908A-30A1A4D6E0B3}.Release|Any CPU.Build.0 = Release|Any CPU
	EndGlobalSection
	GlobalSection(SolutionProperties) = preSolution
		HideSolutionNode = FALSE
	EndGlobalSection
	GlobalSection(ExtensibilityGlobals) = postSolution
		SolutionGuid = {4F88A70E-5E8C-4907-864A-15596263C47E}
	EndGlobalSection
EndGlobal
